// !$*UTF8*$!
{
	archiveVersion = 1;
	classes = {
	};
	objectVersion = 56;
	objects = {

/* Begin PBXBuildFile section */
		F43AE4D42B6F54B600C71706 /* Razorpay in Frameworks */ = {isa = PBXBuildFile; productRef = F43AE4D32B6F54B600C71706 /* Razorpay */; };
		F4AE15BE2B6BA79F00388609 /* AppDelegate.swift in Sources */ = {isa = PBXBuildFile; fileRef = F4AE15BD2B6BA79F00388609 /* AppDelegate.swift */; };
		F4AE15C02B6BA79F00388609 /* SceneDelegate.swift in Sources */ = {isa = PBXBuildFile; fileRef = F4AE15BF2B6BA79F00388609 /* SceneDelegate.swift */; };
		F4AE15C22B6BA79F00388609 /* WelcomeViewController.swift in Sources */ = {isa = PBXBuildFile; fileRef = F4AE15C12B6BA79F00388609 /* WelcomeViewController.swift */; };
		F4AE15C52B6BA79F00388609 /* Main.storyboard in Resources */ = {isa = PBXBuildFile; fileRef = F4AE15C32B6BA79F00388609 /* Main.storyboard */; };
		F4AE15C72B6BA7A100388609 /* Assets.xcassets in Resources */ = {isa = PBXBuildFile; fileRef = F4AE15C62B6BA7A100388609 /* Assets.xcassets */; };
		F4AE15CA2B6BA7A100388609 /* LaunchScreen.storyboard in Resources */ = {isa = PBXBuildFile; fileRef = F4AE15C82B6BA7A100388609 /* LaunchScreen.storyboard */; };
		F4AE15D52B6BA7A200388609 /* vets4petsTests.swift in Sources */ = {isa = PBXBuildFile; fileRef = F4AE15D42B6BA7A200388609 /* vets4petsTests.swift */; };
		F4AE15DF2B6BA7A200388609 /* vets4petsUITests.swift in Sources */ = {isa = PBXBuildFile; fileRef = F4AE15DE2B6BA7A200388609 /* vets4petsUITests.swift */; };
		F4AE15E12B6BA7A200388609 /* vets4petsUITestsLaunchTests.swift in Sources */ = {isa = PBXBuildFile; fileRef = F4AE15E02B6BA7A200388609 /* vets4petsUITestsLaunchTests.swift */; };
		F4AE15EE2B6BA88500388609 /* Constants.swift in Sources */ = {isa = PBXBuildFile; fileRef = F4AE15ED2B6BA88500388609 /* Constants.swift */; };
		F4AE15F02B6BAF6E00388609 /* LogInViewController.swift in Sources */ = {isa = PBXBuildFile; fileRef = F4AE15EF2B6BAF6E00388609 /* LogInViewController.swift */; };
		F4AE15F22B6BAFB200388609 /* SignUpViewController.swift in Sources */ = {isa = PBXBuildFile; fileRef = F4AE15F12B6BAFB200388609 /* SignUpViewController.swift */; };
		F4AE15F42B6BAFE400388609 /* MoreDetailsViewController.swift in Sources */ = {isa = PBXBuildFile; fileRef = F4AE15F32B6BAFE400388609 /* MoreDetailsViewController.swift */; };
		F4AE15F62B6BB00E00388609 /* CustomerHomeViewController.swift in Sources */ = {isa = PBXBuildFile; fileRef = F4AE15F52B6BB00E00388609 /* CustomerHomeViewController.swift */; };
		F4AE15F82B6BB13300388609 /* GoogleService-Info.plist in Resources */ = {isa = PBXBuildFile; fileRef = F4AE15F72B6BB13300388609 /* GoogleService-Info.plist */; };
		F4AE15F92B6BB13300388609 /* GoogleService-Info.plist in Resources */ = {isa = PBXBuildFile; fileRef = F4AE15F72B6BB13300388609 /* GoogleService-Info.plist */; };
		F4AE15FA2B6BB13300388609 /* GoogleService-Info.plist in Resources */ = {isa = PBXBuildFile; fileRef = F4AE15F72B6BB13300388609 /* GoogleService-Info.plist */; };
		F4AE16382B6BD1D200388609 /* MessageCell.xib in Resources */ = {isa = PBXBuildFile; fileRef = F4AE16362B6BD1D200388609 /* MessageCell.xib */; };
		F4AE16392B6BD1D200388609 /* MessageCell.xib in Resources */ = {isa = PBXBuildFile; fileRef = F4AE16362B6BD1D200388609 /* MessageCell.xib */; };
		F4AE163A2B6BD1D200388609 /* MessageCell.xib in Resources */ = {isa = PBXBuildFile; fileRef = F4AE16362B6BD1D200388609 /* MessageCell.xib */; };
		F4AE163B2B6BD1D200388609 /* MessageCell.swift in Sources */ = {isa = PBXBuildFile; fileRef = F4AE16372B6BD1D200388609 /* MessageCell.swift */; };
		F4AE163C2B6BD1D200388609 /* MessageCell.swift in Sources */ = {isa = PBXBuildFile; fileRef = F4AE16372B6BD1D200388609 /* MessageCell.swift */; };
		F4AE163D2B6BD1D200388609 /* MessageCell.swift in Sources */ = {isa = PBXBuildFile; fileRef = F4AE16372B6BD1D200388609 /* MessageCell.swift */; };
		F4AE163F2B6BD23F00388609 /* ChatViewController.swift in Sources */ = {isa = PBXBuildFile; fileRef = F4AE163E2B6BD23F00388609 /* ChatViewController.swift */; };
		F4AE16402B6BD23F00388609 /* ChatViewController.swift in Sources */ = {isa = PBXBuildFile; fileRef = F4AE163E2B6BD23F00388609 /* ChatViewController.swift */; };
		F4AE16412B6BD23F00388609 /* ChatViewController.swift in Sources */ = {isa = PBXBuildFile; fileRef = F4AE163E2B6BD23F00388609 /* ChatViewController.swift */; };
		F4AE16432B6BD2A500388609 /* Message.swift in Sources */ = {isa = PBXBuildFile; fileRef = F4AE16422B6BD2A500388609 /* Message.swift */; };
		F4AE16442B6BD2A500388609 /* Message.swift in Sources */ = {isa = PBXBuildFile; fileRef = F4AE16422B6BD2A500388609 /* Message.swift */; };
		F4AE16452B6BD2A500388609 /* Message.swift in Sources */ = {isa = PBXBuildFile; fileRef = F4AE16422B6BD2A500388609 /* Message.swift */; };
		F4AE16512B6C05A200388609 /* AppointmentViewController.swift in Sources */ = {isa = PBXBuildFile; fileRef = F4AE16502B6C05A200388609 /* AppointmentViewController.swift */; };
		F4AE16522B6C05A200388609 /* AppointmentViewController.swift in Sources */ = {isa = PBXBuildFile; fileRef = F4AE16502B6C05A200388609 /* AppointmentViewController.swift */; };
		F4AE16532B6C05A200388609 /* AppointmentViewController.swift in Sources */ = {isa = PBXBuildFile; fileRef = F4AE16502B6C05A200388609 /* AppointmentViewController.swift */; };
		F4AE16592B6C0BAE00388609 /* EKWrapper.swift in Sources */ = {isa = PBXBuildFile; fileRef = F4AE16582B6C0BAE00388609 /* EKWrapper.swift */; };
		F4AE165A2B6C0BAE00388609 /* EKWrapper.swift in Sources */ = {isa = PBXBuildFile; fileRef = F4AE16582B6C0BAE00388609 /* EKWrapper.swift */; };
		F4AE165B2B6C0BAE00388609 /* EKWrapper.swift in Sources */ = {isa = PBXBuildFile; fileRef = F4AE16582B6C0BAE00388609 /* EKWrapper.swift */; };
		F4AE165F2B6C0D2C00388609 /* Walk.swift in Sources */ = {isa = PBXBuildFile; fileRef = F4AE165D2B6C0D2B00388609 /* Walk.swift */; };
		F4AE16602B6C0D2C00388609 /* Walk.swift in Sources */ = {isa = PBXBuildFile; fileRef = F4AE165D2B6C0D2B00388609 /* Walk.swift */; };
		F4AE16612B6C0D2C00388609 /* Walk.swift in Sources */ = {isa = PBXBuildFile; fileRef = F4AE165D2B6C0D2B00388609 /* Walk.swift */; };
		F4AE16622B6C0D2C00388609 /* Location.swift in Sources */ = {isa = PBXBuildFile; fileRef = F4AE165E2B6C0D2B00388609 /* Location.swift */; };
		F4AE16632B6C0D2C00388609 /* Location.swift in Sources */ = {isa = PBXBuildFile; fileRef = F4AE165E2B6C0D2B00388609 /* Location.swift */; };
		F4AE16642B6C0D2C00388609 /* Location.swift in Sources */ = {isa = PBXBuildFile; fileRef = F4AE165E2B6C0D2B00388609 /* Location.swift */; };
		F4AE166A2B6C0D3D00388609 /* WalkLogCell.swift in Sources */ = {isa = PBXBuildFile; fileRef = F4AE16652B6C0D3D00388609 /* WalkLogCell.swift */; };
		F4AE166B2B6C0D3D00388609 /* WalkLogCell.swift in Sources */ = {isa = PBXBuildFile; fileRef = F4AE16652B6C0D3D00388609 /* WalkLogCell.swift */; };
		F4AE166C2B6C0D3D00388609 /* WalkLogCell.swift in Sources */ = {isa = PBXBuildFile; fileRef = F4AE16652B6C0D3D00388609 /* WalkLogCell.swift */; };
		F4AE166D2B6C0D3D00388609 /* WalkLogViewController.swift in Sources */ = {isa = PBXBuildFile; fileRef = F4AE16662B6C0D3D00388609 /* WalkLogViewController.swift */; };
		F4AE166E2B6C0D3D00388609 /* WalkLogViewController.swift in Sources */ = {isa = PBXBuildFile; fileRef = F4AE16662B6C0D3D00388609 /* WalkLogViewController.swift */; };
		F4AE166F2B6C0D3D00388609 /* WalkLogViewController.swift in Sources */ = {isa = PBXBuildFile; fileRef = F4AE16662B6C0D3D00388609 /* WalkLogViewController.swift */; };
		F4AE16702B6C0D3D00388609 /* LocationVCViewController.swift in Sources */ = {isa = PBXBuildFile; fileRef = F4AE16672B6C0D3D00388609 /* LocationVCViewController.swift */; };
		F4AE16712B6C0D3D00388609 /* LocationVCViewController.swift in Sources */ = {isa = PBXBuildFile; fileRef = F4AE16672B6C0D3D00388609 /* LocationVCViewController.swift */; };
		F4AE16722B6C0D3D00388609 /* LocationVCViewController.swift in Sources */ = {isa = PBXBuildFile; fileRef = F4AE16672B6C0D3D00388609 /* LocationVCViewController.swift */; };
		F4AE16732B6C0D3D00388609 /* Extensions.swift in Sources */ = {isa = PBXBuildFile; fileRef = F4AE16682B6C0D3D00388609 /* Extensions.swift */; };
		F4AE16742B6C0D3D00388609 /* Extensions.swift in Sources */ = {isa = PBXBuildFile; fileRef = F4AE16682B6C0D3D00388609 /* Extensions.swift */; };
		F4AE16752B6C0D3D00388609 /* Extensions.swift in Sources */ = {isa = PBXBuildFile; fileRef = F4AE16682B6C0D3D00388609 /* Extensions.swift */; };
		F4AE16762B6C0D3D00388609 /* MapKitViewController.swift in Sources */ = {isa = PBXBuildFile; fileRef = F4AE16692B6C0D3D00388609 /* MapKitViewController.swift */; };
		F4AE16772B6C0D3D00388609 /* MapKitViewController.swift in Sources */ = {isa = PBXBuildFile; fileRef = F4AE16692B6C0D3D00388609 /* MapKitViewController.swift */; };
		F4AE16782B6C0D3D00388609 /* MapKitViewController.swift in Sources */ = {isa = PBXBuildFile; fileRef = F4AE16692B6C0D3D00388609 /* MapKitViewController.swift */; };
		F4AE16972B6C144300388609 /* FirebaseAuth in Frameworks */ = {isa = PBXBuildFile; productRef = F4AE16962B6C144300388609 /* FirebaseAuth */; };
		F4AE16992B6C144300388609 /* FirebaseDatabase in Frameworks */ = {isa = PBXBuildFile; productRef = F4AE16982B6C144300388609 /* FirebaseDatabase */; };
		F4AE169B2B6C144300388609 /* FirebaseDatabaseSwift in Frameworks */ = {isa = PBXBuildFile; productRef = F4AE169A2B6C144300388609 /* FirebaseDatabaseSwift */; };
		F4AE169D2B6C144300388609 /* FirebaseFirestore in Frameworks */ = {isa = PBXBuildFile; productRef = F4AE169C2B6C144300388609 /* FirebaseFirestore */; };
		F4AE169F2B6C144300388609 /* FirebaseFirestoreSwift in Frameworks */ = {isa = PBXBuildFile; productRef = F4AE169E2B6C144300388609 /* FirebaseFirestoreSwift */; };
		F4AE16A12B6C144300388609 /* FirebaseStorage in Frameworks */ = {isa = PBXBuildFile; productRef = F4AE16A02B6C144300388609 /* FirebaseStorage */; };
		F4AE16A42B6C144F00388609 /* CalendarKit in Frameworks */ = {isa = PBXBuildFile; productRef = F4AE16A32B6C144F00388609 /* CalendarKit */; };
		F4AE16A72B6C149100388609 /* Realm in Frameworks */ = {isa = PBXBuildFile; productRef = F4AE16A62B6C149100388609 /* Realm */; };
		F4AE16A92B6C149100388609 /* RealmSwift in Frameworks */ = {isa = PBXBuildFile; productRef = F4AE16A82B6C149100388609 /* RealmSwift */; };
		F4D6BF2B2B6D2D700088CBA5 /* SecretKey.swift in Sources */ = {isa = PBXBuildFile; fileRef = F4D6BF272B6D2D6F0088CBA5 /* SecretKey.swift */; };
		F4D6BF2C2B6D2D700088CBA5 /* SecretKey.swift in Sources */ = {isa = PBXBuildFile; fileRef = F4D6BF272B6D2D6F0088CBA5 /* SecretKey.swift */; };
		F4D6BF2D2B6D2D700088CBA5 /* SecretKey.swift in Sources */ = {isa = PBXBuildFile; fileRef = F4D6BF272B6D2D6F0088CBA5 /* SecretKey.swift */; };
		F4D6BF2E2B6D2D700088CBA5 /* NewsTableViewCell.swift in Sources */ = {isa = PBXBuildFile; fileRef = F4D6BF282B6D2D6F0088CBA5 /* NewsTableViewCell.swift */; };
		F4D6BF2F2B6D2D700088CBA5 /* NewsTableViewCell.swift in Sources */ = {isa = PBXBuildFile; fileRef = F4D6BF282B6D2D6F0088CBA5 /* NewsTableViewCell.swift */; };
		F4D6BF302B6D2D700088CBA5 /* NewsTableViewCell.swift in Sources */ = {isa = PBXBuildFile; fileRef = F4D6BF282B6D2D6F0088CBA5 /* NewsTableViewCell.swift */; };
		F4D6BF342B6D2D700088CBA5 /* APICaller.swift in Sources */ = {isa = PBXBuildFile; fileRef = F4D6BF2A2B6D2D700088CBA5 /* APICaller.swift */; };
		F4D6BF352B6D2D700088CBA5 /* APICaller.swift in Sources */ = {isa = PBXBuildFile; fileRef = F4D6BF2A2B6D2D700088CBA5 /* APICaller.swift */; };
		F4D6BF362B6D2D700088CBA5 /* APICaller.swift in Sources */ = {isa = PBXBuildFile; fileRef = F4D6BF2A2B6D2D700088CBA5 /* APICaller.swift */; };
		F4D6BF382B6D2EC20088CBA5 /* BlogViewController.swift in Sources */ = {isa = PBXBuildFile; fileRef = F4D6BF372B6D2EC20088CBA5 /* BlogViewController.swift */; };
		F4D6BF392B6D2EC20088CBA5 /* BlogViewController.swift in Sources */ = {isa = PBXBuildFile; fileRef = F4D6BF372B6D2EC20088CBA5 /* BlogViewController.swift */; };
		F4D6BF3A2B6D2EC20088CBA5 /* BlogViewController.swift in Sources */ = {isa = PBXBuildFile; fileRef = F4D6BF372B6D2EC20088CBA5 /* BlogViewController.swift */; };
		F4D6BF3E2B6D58930088CBA5 /* PaymentViewController.swift in Sources */ = {isa = PBXBuildFile; fileRef = F4D6BF3D2B6D58930088CBA5 /* PaymentViewController.swift */; };
		F4D6BF3F2B6D58930088CBA5 /* PaymentViewController.swift in Sources */ = {isa = PBXBuildFile; fileRef = F4D6BF3D2B6D58930088CBA5 /* PaymentViewController.swift */; };
		F4D6BF402B6D58930088CBA5 /* PaymentViewController.swift in Sources */ = {isa = PBXBuildFile; fileRef = F4D6BF3D2B6D58930088CBA5 /* PaymentViewController.swift */; };
		F4FBCC652B6C1C9E00498170 /* NotificationPublisher.swift in Sources */ = {isa = PBXBuildFile; fileRef = F4FBCC642B6C1C9E00498170 /* NotificationPublisher.swift */; };
		F4FBCC662B6C1C9E00498170 /* NotificationPublisher.swift in Sources */ = {isa = PBXBuildFile; fileRef = F4FBCC642B6C1C9E00498170 /* NotificationPublisher.swift */; };
		F4FBCC672B6C1C9E00498170 /* NotificationPublisher.swift in Sources */ = {isa = PBXBuildFile; fileRef = F4FBCC642B6C1C9E00498170 /* NotificationPublisher.swift */; };
/* End PBXBuildFile section */

/* Begin PBXContainerItemProxy section */
		F4AE15D12B6BA7A200388609 /* PBXContainerItemProxy */ = {
			isa = PBXContainerItemProxy;
			containerPortal = F4AE15B22B6BA79F00388609 /* Project object */;
			proxyType = 1;
			remoteGlobalIDString = F4AE15B92B6BA79F00388609;
			remoteInfo = vets4pets;
		};
		F4AE15DB2B6BA7A200388609 /* PBXContainerItemProxy */ = {
			isa = PBXContainerItemProxy;
			containerPortal = F4AE15B22B6BA79F00388609 /* Project object */;
			proxyType = 1;
			remoteGlobalIDString = F4AE15B92B6BA79F00388609;
			remoteInfo = vets4pets;
		};
/* End PBXContainerItemProxy section */

/* Begin PBXFileReference section */
		F4AE15BA2B6BA79F00388609 /* vets4pets.app */ = {isa = PBXFileReference; explicitFileType = wrapper.application; includeInIndex = 0; path = vets4pets.app; sourceTree = BUILT_PRODUCTS_DIR; };
		F4AE15BD2B6BA79F00388609 /* AppDelegate.swift */ = {isa = PBXFileReference; lastKnownFileType = sourcecode.swift; path = AppDelegate.swift; sourceTree = "<group>"; };
		F4AE15BF2B6BA79F00388609 /* SceneDelegate.swift */ = {isa = PBXFileReference; lastKnownFileType = sourcecode.swift; path = SceneDelegate.swift; sourceTree = "<group>"; };
		F4AE15C12B6BA79F00388609 /* WelcomeViewController.swift */ = {isa = PBXFileReference; lastKnownFileType = sourcecode.swift; path = WelcomeViewController.swift; sourceTree = "<group>"; };
		F4AE15C42B6BA79F00388609 /* Base */ = {isa = PBXFileReference; lastKnownFileType = file.storyboard; name = Base; path = Base.lproj/Main.storyboard; sourceTree = "<group>"; };
		F4AE15C62B6BA7A100388609 /* Assets.xcassets */ = {isa = PBXFileReference; lastKnownFileType = folder.assetcatalog; path = Assets.xcassets; sourceTree = "<group>"; };
		F4AE15C92B6BA7A100388609 /* Base */ = {isa = PBXFileReference; lastKnownFileType = file.storyboard; name = Base; path = Base.lproj/LaunchScreen.storyboard; sourceTree = "<group>"; };
		F4AE15CB2B6BA7A100388609 /* Info.plist */ = {isa = PBXFileReference; lastKnownFileType = text.plist.xml; path = Info.plist; sourceTree = "<group>"; };
		F4AE15D02B6BA7A200388609 /* vets4petsTests.xctest */ = {isa = PBXFileReference; explicitFileType = wrapper.cfbundle; includeInIndex = 0; path = vets4petsTests.xctest; sourceTree = BUILT_PRODUCTS_DIR; };
		F4AE15D42B6BA7A200388609 /* vets4petsTests.swift */ = {isa = PBXFileReference; lastKnownFileType = sourcecode.swift; path = vets4petsTests.swift; sourceTree = "<group>"; };
		F4AE15DA2B6BA7A200388609 /* vets4petsUITests.xctest */ = {isa = PBXFileReference; explicitFileType = wrapper.cfbundle; includeInIndex = 0; path = vets4petsUITests.xctest; sourceTree = BUILT_PRODUCTS_DIR; };
		F4AE15DE2B6BA7A200388609 /* vets4petsUITests.swift */ = {isa = PBXFileReference; lastKnownFileType = sourcecode.swift; path = vets4petsUITests.swift; sourceTree = "<group>"; };
		F4AE15E02B6BA7A200388609 /* vets4petsUITestsLaunchTests.swift */ = {isa = PBXFileReference; lastKnownFileType = sourcecode.swift; path = vets4petsUITestsLaunchTests.swift; sourceTree = "<group>"; };
		F4AE15ED2B6BA88500388609 /* Constants.swift */ = {isa = PBXFileReference; lastKnownFileType = sourcecode.swift; path = Constants.swift; sourceTree = "<group>"; };
		F4AE15EF2B6BAF6E00388609 /* LogInViewController.swift */ = {isa = PBXFileReference; lastKnownFileType = sourcecode.swift; path = LogInViewController.swift; sourceTree = "<group>"; };
		F4AE15F12B6BAFB200388609 /* SignUpViewController.swift */ = {isa = PBXFileReference; lastKnownFileType = sourcecode.swift; path = SignUpViewController.swift; sourceTree = "<group>"; };
		F4AE15F32B6BAFE400388609 /* MoreDetailsViewController.swift */ = {isa = PBXFileReference; lastKnownFileType = sourcecode.swift; path = MoreDetailsViewController.swift; sourceTree = "<group>"; };
		F4AE15F52B6BB00E00388609 /* CustomerHomeViewController.swift */ = {isa = PBXFileReference; lastKnownFileType = sourcecode.swift; path = CustomerHomeViewController.swift; sourceTree = "<group>"; };
		F4AE15F72B6BB13300388609 /* GoogleService-Info.plist */ = {isa = PBXFileReference; fileEncoding = 4; lastKnownFileType = text.plist.xml; path = "GoogleService-Info.plist"; sourceTree = "<group>"; };
		F4AE16362B6BD1D200388609 /* MessageCell.xib */ = {isa = PBXFileReference; fileEncoding = 4; lastKnownFileType = file.xib; path = MessageCell.xib; sourceTree = "<group>"; };
		F4AE16372B6BD1D200388609 /* MessageCell.swift */ = {isa = PBXFileReference; fileEncoding = 4; lastKnownFileType = sourcecode.swift; path = MessageCell.swift; sourceTree = "<group>"; };
		F4AE163E2B6BD23F00388609 /* ChatViewController.swift */ = {isa = PBXFileReference; fileEncoding = 4; lastKnownFileType = sourcecode.swift; name = ChatViewController.swift; path = "../../../../../../DEVELOPER/Flash-Chat-iOS13-Completed/Flash Chat iOS13/Controllers/ChatViewController.swift"; sourceTree = "<group>"; };
		F4AE16422B6BD2A500388609 /* Message.swift */ = {isa = PBXFileReference; fileEncoding = 4; lastKnownFileType = sourcecode.swift; path = Message.swift; sourceTree = "<group>"; };
		F4AE16472B6BD94600388609 /* ChatViewController.swift */ = {isa = PBXFileReference; lastKnownFileType = sourcecode.swift; path = ChatViewController.swift; sourceTree = "<group>"; };
		F4AE16482B6BD95800388609 /* ChatViewController.swift */ = {isa = PBXFileReference; lastKnownFileType = sourcecode.swift; name = ChatViewController.swift; path = "../../../../../../../DEVELOPER/Flash-Chat-iOS13-Completed/Flash Chat iOS13/Controllers/ChatViewController.swift"; sourceTree = "<group>"; };
		F4AE16502B6C05A200388609 /* AppointmentViewController.swift */ = {isa = PBXFileReference; fileEncoding = 4; lastKnownFileType = sourcecode.swift; path = AppointmentViewController.swift; sourceTree = "<group>"; };
		F4AE16582B6C0BAE00388609 /* EKWrapper.swift */ = {isa = PBXFileReference; fileEncoding = 4; lastKnownFileType = sourcecode.swift; path = EKWrapper.swift; sourceTree = "<group>"; };
		F4AE165D2B6C0D2B00388609 /* Walk.swift */ = {isa = PBXFileReference; fileEncoding = 4; lastKnownFileType = sourcecode.swift; path = Walk.swift; sourceTree = "<group>"; };
		F4AE165E2B6C0D2B00388609 /* Location.swift */ = {isa = PBXFileReference; fileEncoding = 4; lastKnownFileType = sourcecode.swift; path = Location.swift; sourceTree = "<group>"; };
		F4AE16652B6C0D3D00388609 /* WalkLogCell.swift */ = {isa = PBXFileReference; fileEncoding = 4; lastKnownFileType = sourcecode.swift; path = WalkLogCell.swift; sourceTree = "<group>"; };
		F4AE16662B6C0D3D00388609 /* WalkLogViewController.swift */ = {isa = PBXFileReference; fileEncoding = 4; lastKnownFileType = sourcecode.swift; path = WalkLogViewController.swift; sourceTree = "<group>"; };
		F4AE16672B6C0D3D00388609 /* LocationVCViewController.swift */ = {isa = PBXFileReference; fileEncoding = 4; lastKnownFileType = sourcecode.swift; path = LocationVCViewController.swift; sourceTree = "<group>"; };
		F4AE16682B6C0D3D00388609 /* Extensions.swift */ = {isa = PBXFileReference; fileEncoding = 4; lastKnownFileType = sourcecode.swift; path = Extensions.swift; sourceTree = "<group>"; };
		F4AE16692B6C0D3D00388609 /* MapKitViewController.swift */ = {isa = PBXFileReference; fileEncoding = 4; lastKnownFileType = sourcecode.swift; path = MapKitViewController.swift; sourceTree = "<group>"; };
		F4D6BF272B6D2D6F0088CBA5 /* SecretKey.swift */ = {isa = PBXFileReference; fileEncoding = 4; lastKnownFileType = sourcecode.swift; path = SecretKey.swift; sourceTree = "<group>"; };
		F4D6BF282B6D2D6F0088CBA5 /* NewsTableViewCell.swift */ = {isa = PBXFileReference; fileEncoding = 4; lastKnownFileType = sourcecode.swift; path = NewsTableViewCell.swift; sourceTree = "<group>"; };
		F4D6BF2A2B6D2D700088CBA5 /* APICaller.swift */ = {isa = PBXFileReference; fileEncoding = 4; lastKnownFileType = sourcecode.swift; path = APICaller.swift; sourceTree = "<group>"; };
		F4D6BF372B6D2EC20088CBA5 /* BlogViewController.swift */ = {isa = PBXFileReference; lastKnownFileType = sourcecode.swift; path = BlogViewController.swift; sourceTree = "<group>"; };
		F4D6BF3D2B6D58930088CBA5 /* PaymentViewController.swift */ = {isa = PBXFileReference; lastKnownFileType = sourcecode.swift; path = PaymentViewController.swift; sourceTree = "<group>"; };
		F4FBCC642B6C1C9E00498170 /* NotificationPublisher.swift */ = {isa = PBXFileReference; fileEncoding = 4; lastKnownFileType = sourcecode.swift; path = NotificationPublisher.swift; sourceTree = "<group>"; };
/* End PBXFileReference section */

/* Begin PBXFrameworksBuildPhase section */
		F4AE15B72B6BA79F00388609 /* Frameworks */ = {
			isa = PBXFrameworksBuildPhase;
			buildActionMask = 2147483647;
			files = (
				F4AE16A42B6C144F00388609 /* CalendarKit in Frameworks */,
				F4AE169F2B6C144300388609 /* FirebaseFirestoreSwift in Frameworks */,
				F4AE169B2B6C144300388609 /* FirebaseDatabaseSwift in Frameworks */,
				F4AE16A92B6C149100388609 /* RealmSwift in Frameworks */,
				F43AE4D42B6F54B600C71706 /* Razorpay in Frameworks */,
				F4AE169D2B6C144300388609 /* FirebaseFirestore in Frameworks */,
				F4AE16992B6C144300388609 /* FirebaseDatabase in Frameworks */,
				F4AE16972B6C144300388609 /* FirebaseAuth in Frameworks */,
				F4AE16A72B6C149100388609 /* Realm in Frameworks */,
				F4AE16A12B6C144300388609 /* FirebaseStorage in Frameworks */,
			);
			runOnlyForDeploymentPostprocessing = 0;
		};
		F4AE15CD2B6BA7A200388609 /* Frameworks */ = {
			isa = PBXFrameworksBuildPhase;
			buildActionMask = 2147483647;
			files = (
			);
			runOnlyForDeploymentPostprocessing = 0;
		};
		F4AE15D72B6BA7A200388609 /* Frameworks */ = {
			isa = PBXFrameworksBuildPhase;
			buildActionMask = 2147483647;
			files = (
			);
			runOnlyForDeploymentPostprocessing = 0;
		};
/* End PBXFrameworksBuildPhase section */

/* Begin PBXGroup section */
		F4AE15B12B6BA79F00388609 = {
			isa = PBXGroup;
			children = (
				F4AE15BC2B6BA79F00388609 /* vets4pets */,
				F4AE15D32B6BA7A200388609 /* vets4petsTests */,
				F4AE15DD2B6BA7A200388609 /* vets4petsUITests */,
				F4AE15BB2B6BA79F00388609 /* Products */,
			);
			sourceTree = "<group>";
		};
		F4AE15BB2B6BA79F00388609 /* Products */ = {
			isa = PBXGroup;
			children = (
				F4AE15BA2B6BA79F00388609 /* vets4pets.app */,
				F4AE15D02B6BA7A200388609 /* vets4petsTests.xctest */,
				F4AE15DA2B6BA7A200388609 /* vets4petsUITests.xctest */,
			);
			name = Products;
			sourceTree = "<group>";
		};
		F4AE15BC2B6BA79F00388609 /* vets4pets */ = {
			isa = PBXGroup;
			children = (
				F4AE15F72B6BB13300388609 /* GoogleService-Info.plist */,
				F4D6BF2A2B6D2D700088CBA5 /* APICaller.swift */,
				F4D6BF282B6D2D6F0088CBA5 /* NewsTableViewCell.swift */,
				F4D6BF372B6D2EC20088CBA5 /* BlogViewController.swift */,
				F4D6BF272B6D2D6F0088CBA5 /* SecretKey.swift */,
				F4AE15BD2B6BA79F00388609 /* AppDelegate.swift */,
				F4FBCC642B6C1C9E00498170 /* NotificationPublisher.swift */,
				F4AE15BF2B6BA79F00388609 /* SceneDelegate.swift */,
				F4AE15C12B6BA79F00388609 /* WelcomeViewController.swift */,
				F4AE16502B6C05A200388609 /* AppointmentViewController.swift */,
				F4AE165E2B6C0D2B00388609 /* Location.swift */,
				F4AE165D2B6C0D2B00388609 /* Walk.swift */,
				F4AE16682B6C0D3D00388609 /* Extensions.swift */,
				F4AE16672B6C0D3D00388609 /* LocationVCViewController.swift */,
				F4AE16692B6C0D3D00388609 /* MapKitViewController.swift */,
				F4AE16652B6C0D3D00388609 /* WalkLogCell.swift */,
				F4AE16662B6C0D3D00388609 /* WalkLogViewController.swift */,
				F4AE16582B6C0BAE00388609 /* EKWrapper.swift */,
				F4AE16462B6BD94600388609 /* chat */,
				F4AE15EF2B6BAF6E00388609 /* LogInViewController.swift */,
				F4AE15F12B6BAFB200388609 /* SignUpViewController.swift */,
				F4AE15F32B6BAFE400388609 /* MoreDetailsViewController.swift */,
				F4AE15F52B6BB00E00388609 /* CustomerHomeViewController.swift */,
				F4AE163E2B6BD23F00388609 /* ChatViewController.swift */,
				F4D6BF3D2B6D58930088CBA5 /* PaymentViewController.swift */,
				F4AE15ED2B6BA88500388609 /* Constants.swift */,
				F4AE15C32B6BA79F00388609 /* Main.storyboard */,
				F4AE15C62B6BA7A100388609 /* Assets.xcassets */,
				F4AE15C82B6BA7A100388609 /* LaunchScreen.storyboard */,
				F4AE15CB2B6BA7A100388609 /* Info.plist */,
			);
			path = vets4pets;
			sourceTree = "<group>";
		};
		F4AE15D32B6BA7A200388609 /* vets4petsTests */ = {
			isa = PBXGroup;
			children = (
				F4AE15D42B6BA7A200388609 /* vets4petsTests.swift */,
			);
			path = vets4petsTests;
			sourceTree = "<group>";
		};
		F4AE15DD2B6BA7A200388609 /* vets4petsUITests */ = {
			isa = PBXGroup;
			children = (
				F4AE15DE2B6BA7A200388609 /* vets4petsUITests.swift */,
				F4AE15E02B6BA7A200388609 /* vets4petsUITestsLaunchTests.swift */,
			);
			path = vets4petsUITests;
			sourceTree = "<group>";
		};
		F4AE16462B6BD94600388609 /* chat */ = {
			isa = PBXGroup;
			children = (
				F4AE16482B6BD95800388609 /* ChatViewController.swift */,
				F4AE16422B6BD2A500388609 /* Message.swift */,
				F4AE16372B6BD1D200388609 /* MessageCell.swift */,
				F4AE16362B6BD1D200388609 /* MessageCell.xib */,
				F4AE16472B6BD94600388609 /* ChatViewController.swift */,
			);
			path = chat;
			sourceTree = "<group>";
		};
/* End PBXGroup section */

/* Begin PBXNativeTarget section */
		F4AE15B92B6BA79F00388609 /* vets4pets */ = {
			isa = PBXNativeTarget;
			buildConfigurationList = F4AE15E42B6BA7A200388609 /* Build configuration list for PBXNativeTarget "vets4pets" */;
			buildPhases = (
				F4AE15B62B6BA79F00388609 /* Sources */,
				F4AE15B72B6BA79F00388609 /* Frameworks */,
				F4AE15B82B6BA79F00388609 /* Resources */,
			);
			buildRules = (
			);
			dependencies = (
			);
			name = vets4pets;
			packageProductDependencies = (
				F4AE16962B6C144300388609 /* FirebaseAuth */,
				F4AE16982B6C144300388609 /* FirebaseDatabase */,
				F4AE169A2B6C144300388609 /* FirebaseDatabaseSwift */,
				F4AE169C2B6C144300388609 /* FirebaseFirestore */,
				F4AE169E2B6C144300388609 /* FirebaseFirestoreSwift */,
				F4AE16A02B6C144300388609 /* FirebaseStorage */,
				F4AE16A32B6C144F00388609 /* CalendarKit */,
				F4AE16A62B6C149100388609 /* Realm */,
				F4AE16A82B6C149100388609 /* RealmSwift */,
				F43AE4D32B6F54B600C71706 /* Razorpay */,
			);
			productName = vets4pets;
			productReference = F4AE15BA2B6BA79F00388609 /* vets4pets.app */;
			productType = "com.apple.product-type.application";
		};
		F4AE15CF2B6BA7A200388609 /* vets4petsTests */ = {
			isa = PBXNativeTarget;
			buildConfigurationList = F4AE15E72B6BA7A200388609 /* Build configuration list for PBXNativeTarget "vets4petsTests" */;
			buildPhases = (
				F4AE15CC2B6BA7A200388609 /* Sources */,
				F4AE15CD2B6BA7A200388609 /* Frameworks */,
				F4AE15CE2B6BA7A200388609 /* Resources */,
			);
			buildRules = (
			);
			dependencies = (
				F4AE15D22B6BA7A200388609 /* PBXTargetDependency */,
			);
			name = vets4petsTests;
			productName = vets4petsTests;
			productReference = F4AE15D02B6BA7A200388609 /* vets4petsTests.xctest */;
			productType = "com.apple.product-type.bundle.unit-test";
		};
		F4AE15D92B6BA7A200388609 /* vets4petsUITests */ = {
			isa = PBXNativeTarget;
			buildConfigurationList = F4AE15EA2B6BA7A200388609 /* Build configuration list for PBXNativeTarget "vets4petsUITests" */;
			buildPhases = (
				F4AE15D62B6BA7A200388609 /* Sources */,
				F4AE15D72B6BA7A200388609 /* Frameworks */,
				F4AE15D82B6BA7A200388609 /* Resources */,
			);
			buildRules = (
			);
			dependencies = (
				F4AE15DC2B6BA7A200388609 /* PBXTargetDependency */,
			);
			name = vets4petsUITests;
			productName = vets4petsUITests;
			productReference = F4AE15DA2B6BA7A200388609 /* vets4petsUITests.xctest */;
			productType = "com.apple.product-type.bundle.ui-testing";
		};
/* End PBXNativeTarget section */

/* Begin PBXProject section */
		F4AE15B22B6BA79F00388609 /* Project object */ = {
			isa = PBXProject;
			attributes = {
				BuildIndependentTargetsInParallel = 1;
				LastSwiftUpdateCheck = 1520;
				LastUpgradeCheck = 1520;
				TargetAttributes = {
					F4AE15B92B6BA79F00388609 = {
						CreatedOnToolsVersion = 15.2;
					};
					F4AE15CF2B6BA7A200388609 = {
						CreatedOnToolsVersion = 15.2;
						TestTargetID = F4AE15B92B6BA79F00388609;
					};
					F4AE15D92B6BA7A200388609 = {
						CreatedOnToolsVersion = 15.2;
						TestTargetID = F4AE15B92B6BA79F00388609;
					};
				};
			};
			buildConfigurationList = F4AE15B52B6BA79F00388609 /* Build configuration list for PBXProject "vets4pets" */;
			compatibilityVersion = "Xcode 14.0";
			developmentRegion = en;
			hasScannedForEncodings = 0;
			knownRegions = (
				en,
				Base,
			);
			mainGroup = F4AE15B12B6BA79F00388609;
			packageReferences = (
				F4AE16952B6C144300388609 /* XCRemoteSwiftPackageReference "firebase-ios-sdk" */,
				F4AE16A22B6C144F00388609 /* XCRemoteSwiftPackageReference "CalendarKit" */,
				F4AE16A52B6C149100388609 /* XCRemoteSwiftPackageReference "realm-swift" */,
				F43AE4D22B6F54B500C71706 /* XCRemoteSwiftPackageReference "Razorpay-spm" */,
			);
			productRefGroup = F4AE15BB2B6BA79F00388609 /* Products */;
			projectDirPath = "";
			projectRoot = "";
			targets = (
				F4AE15B92B6BA79F00388609 /* vets4pets */,
				F4AE15CF2B6BA7A200388609 /* vets4petsTests */,
				F4AE15D92B6BA7A200388609 /* vets4petsUITests */,
			);
		};
/* End PBXProject section */

/* Begin PBXResourcesBuildPhase section */
		F4AE15B82B6BA79F00388609 /* Resources */ = {
			isa = PBXResourcesBuildPhase;
			buildActionMask = 2147483647;
			files = (
				F4AE16382B6BD1D200388609 /* MessageCell.xib in Resources */,
				F4AE15CA2B6BA7A100388609 /* LaunchScreen.storyboard in Resources */,
				F4AE15F82B6BB13300388609 /* GoogleService-Info.plist in Resources */,
				F4AE15C72B6BA7A100388609 /* Assets.xcassets in Resources */,
				F4AE15C52B6BA79F00388609 /* Main.storyboard in Resources */,
			);
			runOnlyForDeploymentPostprocessing = 0;
		};
		F4AE15CE2B6BA7A200388609 /* Resources */ = {
			isa = PBXResourcesBuildPhase;
			buildActionMask = 2147483647;
			files = (
				F4AE15F92B6BB13300388609 /* GoogleService-Info.plist in Resources */,
				F4AE16392B6BD1D200388609 /* MessageCell.xib in Resources */,
			);
			runOnlyForDeploymentPostprocessing = 0;
		};
		F4AE15D82B6BA7A200388609 /* Resources */ = {
			isa = PBXResourcesBuildPhase;
			buildActionMask = 2147483647;
			files = (
				F4AE15FA2B6BB13300388609 /* GoogleService-Info.plist in Resources */,
				F4AE163A2B6BD1D200388609 /* MessageCell.xib in Resources */,
			);
			runOnlyForDeploymentPostprocessing = 0;
		};
/* End PBXResourcesBuildPhase section */

/* Begin PBXSourcesBuildPhase section */
		F4AE15B62B6BA79F00388609 /* Sources */ = {
			isa = PBXSourcesBuildPhase;
			buildActionMask = 2147483647;
			files = (
				F4FBCC652B6C1C9E00498170 /* NotificationPublisher.swift in Sources */,
				F4D6BF3E2B6D58930088CBA5 /* PaymentViewController.swift in Sources */,
				F4AE16512B6C05A200388609 /* AppointmentViewController.swift in Sources */,
				F4AE15F22B6BAFB200388609 /* SignUpViewController.swift in Sources */,
				F4AE163B2B6BD1D200388609 /* MessageCell.swift in Sources */,
				F4AE16592B6C0BAE00388609 /* EKWrapper.swift in Sources */,
				F4AE163F2B6BD23F00388609 /* ChatViewController.swift in Sources */,
				F4AE15C22B6BA79F00388609 /* WelcomeViewController.swift in Sources */,
				F4D6BF2B2B6D2D700088CBA5 /* SecretKey.swift in Sources */,
				F4D6BF2E2B6D2D700088CBA5 /* NewsTableViewCell.swift in Sources */,
				F4AE16762B6C0D3D00388609 /* MapKitViewController.swift in Sources */,
				F4AE16702B6C0D3D00388609 /* LocationVCViewController.swift in Sources */,
				F4AE16732B6C0D3D00388609 /* Extensions.swift in Sources */,
				F4D6BF342B6D2D700088CBA5 /* APICaller.swift in Sources */,
				F4AE15F62B6BB00E00388609 /* CustomerHomeViewController.swift in Sources */,
				F4AE16622B6C0D2C00388609 /* Location.swift in Sources */,
				F4AE15BE2B6BA79F00388609 /* AppDelegate.swift in Sources */,
				F4AE16432B6BD2A500388609 /* Message.swift in Sources */,
				F4AE166D2B6C0D3D00388609 /* WalkLogViewController.swift in Sources */,
				F4AE15F42B6BAFE400388609 /* MoreDetailsViewController.swift in Sources */,
				F4AE15C02B6BA79F00388609 /* SceneDelegate.swift in Sources */,
				F4AE15F02B6BAF6E00388609 /* LogInViewController.swift in Sources */,
				F4D6BF382B6D2EC20088CBA5 /* BlogViewController.swift in Sources */,
				F4AE166A2B6C0D3D00388609 /* WalkLogCell.swift in Sources */,
				F4AE165F2B6C0D2C00388609 /* Walk.swift in Sources */,
				F4AE15EE2B6BA88500388609 /* Constants.swift in Sources */,
			);
			runOnlyForDeploymentPostprocessing = 0;
		};
		F4AE15CC2B6BA7A200388609 /* Sources */ = {
			isa = PBXSourcesBuildPhase;
			buildActionMask = 2147483647;
			files = (
				F4AE15D52B6BA7A200388609 /* vets4petsTests.swift in Sources */,
				F4D6BF2C2B6D2D700088CBA5 /* SecretKey.swift in Sources */,
				F4D6BF3F2B6D58930088CBA5 /* PaymentViewController.swift in Sources */,
				F4D6BF2F2B6D2D700088CBA5 /* NewsTableViewCell.swift in Sources */,
				F4AE16442B6BD2A500388609 /* Message.swift in Sources */,
				F4AE16632B6C0D2C00388609 /* Location.swift in Sources */,
				F4AE16402B6BD23F00388609 /* ChatViewController.swift in Sources */,
				F4AE165A2B6C0BAE00388609 /* EKWrapper.swift in Sources */,
				F4AE16522B6C05A200388609 /* AppointmentViewController.swift in Sources */,
				F4AE16772B6C0D3D00388609 /* MapKitViewController.swift in Sources */,
				F4FBCC662B6C1C9E00498170 /* NotificationPublisher.swift in Sources */,
				F4AE16602B6C0D2C00388609 /* Walk.swift in Sources */,
				F4AE16742B6C0D3D00388609 /* Extensions.swift in Sources */,
				F4D6BF352B6D2D700088CBA5 /* APICaller.swift in Sources */,
				F4AE16712B6C0D3D00388609 /* LocationVCViewController.swift in Sources */,
				F4D6BF392B6D2EC20088CBA5 /* BlogViewController.swift in Sources */,
				F4AE166B2B6C0D3D00388609 /* WalkLogCell.swift in Sources */,
				F4AE166E2B6C0D3D00388609 /* WalkLogViewController.swift in Sources */,
				F4AE163C2B6BD1D200388609 /* MessageCell.swift in Sources */,
			);
			runOnlyForDeploymentPostprocessing = 0;
		};
		F4AE15D62B6BA7A200388609 /* Sources */ = {
			isa = PBXSourcesBuildPhase;
			buildActionMask = 2147483647;
			files = (
				F4D6BF3A2B6D2EC20088CBA5 /* BlogViewController.swift in Sources */,
				F4AE16532B6C05A200388609 /* AppointmentViewController.swift in Sources */,
				F4AE15DF2B6BA7A200388609 /* vets4petsUITests.swift in Sources */,
				F4AE16782B6C0D3D00388609 /* MapKitViewController.swift in Sources */,
				F4FBCC672B6C1C9E00498170 /* NotificationPublisher.swift in Sources */,
				F4AE163D2B6BD1D200388609 /* MessageCell.swift in Sources */,
				F4AE166C2B6C0D3D00388609 /* WalkLogCell.swift in Sources */,
				F4D6BF402B6D58930088CBA5 /* PaymentViewController.swift in Sources */,
				F4AE166F2B6C0D3D00388609 /* WalkLogViewController.swift in Sources */,
				F4D6BF362B6D2D700088CBA5 /* APICaller.swift in Sources */,
				F4AE16452B6BD2A500388609 /* Message.swift in Sources */,
				F4AE16722B6C0D3D00388609 /* LocationVCViewController.swift in Sources */,
				F4D6BF2D2B6D2D700088CBA5 /* SecretKey.swift in Sources */,
				F4AE16642B6C0D2C00388609 /* Location.swift in Sources */,
				F4AE16752B6C0D3D00388609 /* Extensions.swift in Sources */,
				F4AE16612B6C0D2C00388609 /* Walk.swift in Sources */,
				F4AE16412B6BD23F00388609 /* ChatViewController.swift in Sources */,
				F4D6BF302B6D2D700088CBA5 /* NewsTableViewCell.swift in Sources */,
				F4AE15E12B6BA7A200388609 /* vets4petsUITestsLaunchTests.swift in Sources */,
				F4AE165B2B6C0BAE00388609 /* EKWrapper.swift in Sources */,
			);
			runOnlyForDeploymentPostprocessing = 0;
		};
/* End PBXSourcesBuildPhase section */

/* Begin PBXTargetDependency section */
		F4AE15D22B6BA7A200388609 /* PBXTargetDependency */ = {
			isa = PBXTargetDependency;
			target = F4AE15B92B6BA79F00388609 /* vets4pets */;
			targetProxy = F4AE15D12B6BA7A200388609 /* PBXContainerItemProxy */;
		};
		F4AE15DC2B6BA7A200388609 /* PBXTargetDependency */ = {
			isa = PBXTargetDependency;
			target = F4AE15B92B6BA79F00388609 /* vets4pets */;
			targetProxy = F4AE15DB2B6BA7A200388609 /* PBXContainerItemProxy */;
		};
/* End PBXTargetDependency section */

/* Begin PBXVariantGroup section */
		F4AE15C32B6BA79F00388609 /* Main.storyboard */ = {
			isa = PBXVariantGroup;
			children = (
				F4AE15C42B6BA79F00388609 /* Base */,
			);
			name = Main.storyboard;
			sourceTree = "<group>";
		};
		F4AE15C82B6BA7A100388609 /* LaunchScreen.storyboard */ = {
			isa = PBXVariantGroup;
			children = (
				F4AE15C92B6BA7A100388609 /* Base */,
			);
			name = LaunchScreen.storyboard;
			sourceTree = "<group>";
		};
/* End PBXVariantGroup section */

/* Begin XCBuildConfiguration section */
		F4AE15E22B6BA7A200388609 /* Debug */ = {
			isa = XCBuildConfiguration;
			buildSettings = {
				ALWAYS_SEARCH_USER_PATHS = NO;
				ASSETCATALOG_COMPILER_GENERATE_SWIFT_ASSET_SYMBOL_EXTENSIONS = YES;
				CLANG_ANALYZER_NONNULL = YES;
				CLANG_ANALYZER_NUMBER_OBJECT_CONVERSION = YES_AGGRESSIVE;
				CLANG_CXX_LANGUAGE_STANDARD = "gnu++20";
				CLANG_ENABLE_MODULES = YES;
				CLANG_ENABLE_OBJC_ARC = YES;
				CLANG_ENABLE_OBJC_WEAK = YES;
				CLANG_WARN_BLOCK_CAPTURE_AUTORELEASING = YES;
				CLANG_WARN_BOOL_CONVERSION = YES;
				CLANG_WARN_COMMA = YES;
				CLANG_WARN_CONSTANT_CONVERSION = YES;
				CLANG_WARN_DEPRECATED_OBJC_IMPLEMENTATIONS = YES;
				CLANG_WARN_DIRECT_OBJC_ISA_USAGE = YES_ERROR;
				CLANG_WARN_DOCUMENTATION_COMMENTS = YES;
				CLANG_WARN_EMPTY_BODY = YES;
				CLANG_WARN_ENUM_CONVERSION = YES;
				CLANG_WARN_INFINITE_RECURSION = YES;
				CLANG_WARN_INT_CONVERSION = YES;
				CLANG_WARN_NON_LITERAL_NULL_CONVERSION = YES;
				CLANG_WARN_OBJC_IMPLICIT_RETAIN_SELF = YES;
				CLANG_WARN_OBJC_LITERAL_CONVERSION = YES;
				CLANG_WARN_OBJC_ROOT_CLASS = YES_ERROR;
				CLANG_WARN_QUOTED_INCLUDE_IN_FRAMEWORK_HEADER = YES;
				CLANG_WARN_RANGE_LOOP_ANALYSIS = YES;
				CLANG_WARN_STRICT_PROTOTYPES = YES;
				CLANG_WARN_SUSPICIOUS_MOVE = YES;
				CLANG_WARN_UNGUARDED_AVAILABILITY = YES_AGGRESSIVE;
				CLANG_WARN_UNREACHABLE_CODE = YES;
				CLANG_WARN__DUPLICATE_METHOD_MATCH = YES;
				COPY_PHASE_STRIP = NO;
				DEBUG_INFORMATION_FORMAT = dwarf;
				ENABLE_STRICT_OBJC_MSGSEND = YES;
				ENABLE_TESTABILITY = YES;
				ENABLE_USER_SCRIPT_SANDBOXING = YES;
				GCC_C_LANGUAGE_STANDARD = gnu17;
				GCC_DYNAMIC_NO_PIC = NO;
				GCC_NO_COMMON_BLOCKS = YES;
				GCC_OPTIMIZATION_LEVEL = 0;
				GCC_PREPROCESSOR_DEFINITIONS = (
					"DEBUG=1",
					"$(inherited)",
				);
				GCC_WARN_64_TO_32_BIT_CONVERSION = YES;
				GCC_WARN_ABOUT_RETURN_TYPE = YES_ERROR;
				GCC_WARN_UNDECLARED_SELECTOR = YES;
				GCC_WARN_UNINITIALIZED_AUTOS = YES_AGGRESSIVE;
				GCC_WARN_UNUSED_FUNCTION = YES;
				GCC_WARN_UNUSED_VARIABLE = YES;
				IPHONEOS_DEPLOYMENT_TARGET = 17.2;
				LOCALIZATION_PREFERS_STRING_CATALOGS = YES;
				MTL_ENABLE_DEBUG_INFO = INCLUDE_SOURCE;
				MTL_FAST_MATH = YES;
				ONLY_ACTIVE_ARCH = YES;
				SDKROOT = iphoneos;
				SWIFT_ACTIVE_COMPILATION_CONDITIONS = "DEBUG $(inherited)";
				SWIFT_OPTIMIZATION_LEVEL = "-Onone";
			};
			name = Debug;
		};
		F4AE15E32B6BA7A200388609 /* Release */ = {
			isa = XCBuildConfiguration;
			buildSettings = {
				ALWAYS_SEARCH_USER_PATHS = NO;
				ASSETCATALOG_COMPILER_GENERATE_SWIFT_ASSET_SYMBOL_EXTENSIONS = YES;
				CLANG_ANALYZER_NONNULL = YES;
				CLANG_ANALYZER_NUMBER_OBJECT_CONVERSION = YES_AGGRESSIVE;
				CLANG_CXX_LANGUAGE_STANDARD = "gnu++20";
				CLANG_ENABLE_MODULES = YES;
				CLANG_ENABLE_OBJC_ARC = YES;
				CLANG_ENABLE_OBJC_WEAK = YES;
				CLANG_WARN_BLOCK_CAPTURE_AUTORELEASING = YES;
				CLANG_WARN_BOOL_CONVERSION = YES;
				CLANG_WARN_COMMA = YES;
				CLANG_WARN_CONSTANT_CONVERSION = YES;
				CLANG_WARN_DEPRECATED_OBJC_IMPLEMENTATIONS = YES;
				CLANG_WARN_DIRECT_OBJC_ISA_USAGE = YES_ERROR;
				CLANG_WARN_DOCUMENTATION_COMMENTS = YES;
				CLANG_WARN_EMPTY_BODY = YES;
				CLANG_WARN_ENUM_CONVERSION = YES;
				CLANG_WARN_INFINITE_RECURSION = YES;
				CLANG_WARN_INT_CONVERSION = YES;
				CLANG_WARN_NON_LITERAL_NULL_CONVERSION = YES;
				CLANG_WARN_OBJC_IMPLICIT_RETAIN_SELF = YES;
				CLANG_WARN_OBJC_LITERAL_CONVERSION = YES;
				CLANG_WARN_OBJC_ROOT_CLASS = YES_ERROR;
				CLANG_WARN_QUOTED_INCLUDE_IN_FRAMEWORK_HEADER = YES;
				CLANG_WARN_RANGE_LOOP_ANALYSIS = YES;
				CLANG_WARN_STRICT_PROTOTYPES = YES;
				CLANG_WARN_SUSPICIOUS_MOVE = YES;
				CLANG_WARN_UNGUARDED_AVAILABILITY = YES_AGGRESSIVE;
				CLANG_WARN_UNREACHABLE_CODE = YES;
				CLANG_WARN__DUPLICATE_METHOD_MATCH = YES;
				COPY_PHASE_STRIP = NO;
				DEBUG_INFORMATION_FORMAT = "dwarf-with-dsym";
				ENABLE_NS_ASSERTIONS = NO;
				ENABLE_STRICT_OBJC_MSGSEND = YES;
				ENABLE_USER_SCRIPT_SANDBOXING = YES;
				GCC_C_LANGUAGE_STANDARD = gnu17;
				GCC_NO_COMMON_BLOCKS = YES;
				GCC_WARN_64_TO_32_BIT_CONVERSION = YES;
				GCC_WARN_ABOUT_RETURN_TYPE = YES_ERROR;
				GCC_WARN_UNDECLARED_SELECTOR = YES;
				GCC_WARN_UNINITIALIZED_AUTOS = YES_AGGRESSIVE;
				GCC_WARN_UNUSED_FUNCTION = YES;
				GCC_WARN_UNUSED_VARIABLE = YES;
				IPHONEOS_DEPLOYMENT_TARGET = 17.2;
				LOCALIZATION_PREFERS_STRING_CATALOGS = YES;
				MTL_ENABLE_DEBUG_INFO = NO;
				MTL_FAST_MATH = YES;
				SDKROOT = iphoneos;
				SWIFT_COMPILATION_MODE = wholemodule;
				VALIDATE_PRODUCT = YES;
			};
			name = Release;
		};
		F4AE15E52B6BA7A200388609 /* Debug */ = {
			isa = XCBuildConfiguration;
			buildSettings = {
				ASSETCATALOG_COMPILER_APPICON_NAME = AppIcon;
				ASSETCATALOG_COMPILER_GLOBAL_ACCENT_COLOR_NAME = AccentColor;
				CODE_SIGN_STYLE = Automatic;
				CURRENT_PROJECT_VERSION = 1;
				DEVELOPMENT_TEAM = H46F5Z8KW7;
				GENERATE_INFOPLIST_FILE = YES;
				INFOPLIST_FILE = vets4pets/Info.plist;
				INFOPLIST_KEY_CFBundleDisplayName = "";
				INFOPLIST_KEY_LSApplicationCategoryType = "";
				INFOPLIST_KEY_NSCalendarsUsageDescription = "";
				INFOPLIST_KEY_NSLocationAlwaysAndWhenInUseUsageDescription = "";
				INFOPLIST_KEY_NSLocationAlwaysUsageDescription = "";
				INFOPLIST_KEY_NSLocationUsageDescription = "";
				INFOPLIST_KEY_NSLocationWhenInUseUsageDescription = "";
				INFOPLIST_KEY_NSRemindersUsageDescription = "";
				INFOPLIST_KEY_UIApplicationSupportsIndirectInputEvents = YES;
				INFOPLIST_KEY_UILaunchStoryboardName = LaunchScreen;
				INFOPLIST_KEY_UIMainStoryboardFile = Main;
				INFOPLIST_KEY_UISupportedInterfaceOrientations_iPad = "UIInterfaceOrientationPortrait UIInterfaceOrientationPortraitUpsideDown UIInterfaceOrientationLandscapeLeft UIInterfaceOrientationLandscapeRight";
				INFOPLIST_KEY_UISupportedInterfaceOrientations_iPhone = "UIInterfaceOrientationPortrait UIInterfaceOrientationLandscapeLeft UIInterfaceOrientationLandscapeRight";
				LD_RUNPATH_SEARCH_PATHS = (
					"$(inherited)",
					"@executable_path/Frameworks",
				);
				MARKETING_VERSION = 1.0;
				PRODUCT_BUNDLE_IDENTIFIER = snigdha.vets4pets;
				PRODUCT_NAME = "$(TARGET_NAME)";
				SUPPORTED_PLATFORMS = "iphoneos iphonesimulator";
				SUPPORTS_MACCATALYST = NO;
				SUPPORTS_MAC_DESIGNED_FOR_IPHONE_IPAD = NO;
				SUPPORTS_XR_DESIGNED_FOR_IPHONE_IPAD = NO;
				SWIFT_EMIT_LOC_STRINGS = YES;
				SWIFT_VERSION = 5.0;
				TARGETED_DEVICE_FAMILY = "1,2";
			};
			name = Debug;
		};
		F4AE15E62B6BA7A200388609 /* Release */ = {
			isa = XCBuildConfiguration;
			buildSettings = {
				ASSETCATALOG_COMPILER_APPICON_NAME = AppIcon;
				ASSETCATALOG_COMPILER_GLOBAL_ACCENT_COLOR_NAME = AccentColor;
				CODE_SIGN_STYLE = Automatic;
				CURRENT_PROJECT_VERSION = 1;
				DEVELOPMENT_TEAM = H46F5Z8KW7;
				GENERATE_INFOPLIST_FILE = YES;
				INFOPLIST_FILE = vets4pets/Info.plist;
				INFOPLIST_KEY_CFBundleDisplayName = "";
				INFOPLIST_KEY_LSApplicationCategoryType = "";
				INFOPLIST_KEY_NSCalendarsUsageDescription = "";
				INFOPLIST_KEY_NSLocationAlwaysAndWhenInUseUsageDescription = "";
				INFOPLIST_KEY_NSLocationAlwaysUsageDescription = "";
				INFOPLIST_KEY_NSLocationUsageDescription = "";
				INFOPLIST_KEY_NSLocationWhenInUseUsageDescription = "";
				INFOPLIST_KEY_NSRemindersUsageDescription = "";
				INFOPLIST_KEY_UIApplicationSupportsIndirectInputEvents = YES;
				INFOPLIST_KEY_UILaunchStoryboardName = LaunchScreen;
				INFOPLIST_KEY_UIMainStoryboardFile = Main;
				INFOPLIST_KEY_UISupportedInterfaceOrientations_iPad = "UIInterfaceOrientationPortrait UIInterfaceOrientationPortraitUpsideDown UIInterfaceOrientationLandscapeLeft UIInterfaceOrientationLandscapeRight";
				INFOPLIST_KEY_UISupportedInterfaceOrientations_iPhone = "UIInterfaceOrientationPortrait UIInterfaceOrientationLandscapeLeft UIInterfaceOrientationLandscapeRight";
				LD_RUNPATH_SEARCH_PATHS = (
					"$(inherited)",
					"@executable_path/Frameworks",
				);
				MARKETING_VERSION = 1.0;
				PRODUCT_BUNDLE_IDENTIFIER = snigdha.vets4pets;
				PRODUCT_NAME = "$(TARGET_NAME)";
				SUPPORTED_PLATFORMS = "iphoneos iphonesimulator";
				SUPPORTS_MACCATALYST = NO;
				SUPPORTS_MAC_DESIGNED_FOR_IPHONE_IPAD = NO;
				SUPPORTS_XR_DESIGNED_FOR_IPHONE_IPAD = NO;
				SWIFT_EMIT_LOC_STRINGS = YES;
				SWIFT_VERSION = 5.0;
				TARGETED_DEVICE_FAMILY = "1,2";
			};
			name = Release;
		};
		F4AE15E82B6BA7A200388609 /* Debug */ = {
			isa = XCBuildConfiguration;
			buildSettings = {
				ALWAYS_EMBED_SWIFT_STANDARD_LIBRARIES = YES;
				BUNDLE_LOADER = "$(TEST_HOST)";
				CODE_SIGN_STYLE = Automatic;
				CURRENT_PROJECT_VERSION = 1;
				DEVELOPMENT_TEAM = H46F5Z8KW7;
				GENERATE_INFOPLIST_FILE = YES;
				IPHONEOS_DEPLOYMENT_TARGET = 17.2;
				MARKETING_VERSION = 1.0;
				PRODUCT_BUNDLE_IDENTIFIER = snigdha.vets4petsTests;
				PRODUCT_NAME = "$(TARGET_NAME)";
				SWIFT_EMIT_LOC_STRINGS = NO;
				SWIFT_VERSION = 5.0;
				TARGETED_DEVICE_FAMILY = "1,2";
				TEST_HOST = "$(BUILT_PRODUCTS_DIR)/vets4pets.app/$(BUNDLE_EXECUTABLE_FOLDER_PATH)/vets4pets";
			};
			name = Debug;
		};
		F4AE15E92B6BA7A200388609 /* Release */ = {
			isa = XCBuildConfiguration;
			buildSettings = {
				ALWAYS_EMBED_SWIFT_STANDARD_LIBRARIES = YES;
				BUNDLE_LOADER = "$(TEST_HOST)";
				CODE_SIGN_STYLE = Automatic;
				CURRENT_PROJECT_VERSION = 1;
				DEVELOPMENT_TEAM = H46F5Z8KW7;
				GENERATE_INFOPLIST_FILE = YES;
				IPHONEOS_DEPLOYMENT_TARGET = 17.2;
				MARKETING_VERSION = 1.0;
				PRODUCT_BUNDLE_IDENTIFIER = snigdha.vets4petsTests;
				PRODUCT_NAME = "$(TARGET_NAME)";
				SWIFT_EMIT_LOC_STRINGS = NO;
				SWIFT_VERSION = 5.0;
				TARGETED_DEVICE_FAMILY = "1,2";
				TEST_HOST = "$(BUILT_PRODUCTS_DIR)/vets4pets.app/$(BUNDLE_EXECUTABLE_FOLDER_PATH)/vets4pets";
			};
			name = Release;
		};
		F4AE15EB2B6BA7A200388609 /* Debug */ = {
			isa = XCBuildConfiguration;
			buildSettings = {
				ALWAYS_EMBED_SWIFT_STANDARD_LIBRARIES = YES;
				CODE_SIGN_STYLE = Automatic;
				CURRENT_PROJECT_VERSION = 1;
				DEVELOPMENT_TEAM = H46F5Z8KW7;
				GENERATE_INFOPLIST_FILE = YES;
				MARKETING_VERSION = 1.0;
				PRODUCT_BUNDLE_IDENTIFIER = snigdha.vets4petsUITests;
				PRODUCT_NAME = "$(TARGET_NAME)";
				SWIFT_EMIT_LOC_STRINGS = NO;
				SWIFT_VERSION = 5.0;
				TARGETED_DEVICE_FAMILY = "1,2";
				TEST_TARGET_NAME = vets4pets;
			};
			name = Debug;
		};
		F4AE15EC2B6BA7A200388609 /* Release */ = {
			isa = XCBuildConfiguration;
			buildSettings = {
				ALWAYS_EMBED_SWIFT_STANDARD_LIBRARIES = YES;
				CODE_SIGN_STYLE = Automatic;
				CURRENT_PROJECT_VERSION = 1;
				DEVELOPMENT_TEAM = H46F5Z8KW7;
				GENERATE_INFOPLIST_FILE = YES;
				MARKETING_VERSION = 1.0;
				PRODUCT_BUNDLE_IDENTIFIER = snigdha.vets4petsUITests;
				PRODUCT_NAME = "$(TARGET_NAME)";
				SWIFT_EMIT_LOC_STRINGS = NO;
				SWIFT_VERSION = 5.0;
				TARGETED_DEVICE_FAMILY = "1,2";
				TEST_TARGET_NAME = vets4pets;
			};
			name = Release;
		};
/* End XCBuildConfiguration section */

/* Begin XCConfigurationList section */
		F4AE15B52B6BA79F00388609 /* Build configuration list for PBXProject "vets4pets" */ = {
			isa = XCConfigurationList;
			buildConfigurations = (
				F4AE15E22B6BA7A200388609 /* Debug */,
				F4AE15E32B6BA7A200388609 /* Release */,
			);
			defaultConfigurationIsVisible = 0;
			defaultConfigurationName = Release;
		};
		F4AE15E42B6BA7A200388609 /* Build configuration list for PBXNativeTarget "vets4pets" */ = {
			isa = XCConfigurationList;
			buildConfigurations = (
				F4AE15E52B6BA7A200388609 /* Debug */,
				F4AE15E62B6BA7A200388609 /* Release */,
			);
			defaultConfigurationIsVisible = 0;
			defaultConfigurationName = Release;
		};
		F4AE15E72B6BA7A200388609 /* Build configuration list for PBXNativeTarget "vets4petsTests" */ = {
			isa = XCConfigurationList;
			buildConfigurations = (
				F4AE15E82B6BA7A200388609 /* Debug */,
				F4AE15E92B6BA7A200388609 /* Release */,
			);
			defaultConfigurationIsVisible = 0;
			defaultConfigurationName = Release;
		};
		F4AE15EA2B6BA7A200388609 /* Build configuration list for PBXNativeTarget "vets4petsUITests" */ = {
			isa = XCConfigurationList;
			buildConfigurations = (
				F4AE15EB2B6BA7A200388609 /* Debug */,
				F4AE15EC2B6BA7A200388609 /* Release */,
			);
			defaultConfigurationIsVisible = 0;
			defaultConfigurationName = Release;
		};
/* End XCConfigurationList section */

/* Begin XCRemoteSwiftPackageReference section */
		F43AE4D22B6F54B500C71706 /* XCRemoteSwiftPackageReference "Razorpay-spm" */ = {
			isa = XCRemoteSwiftPackageReference;
			repositoryURL = "https://github.com/jonathanjr3/Razorpay-spm";
			requirement = {
				branch = main;
				kind = branch;
			};
		};
		F4AE16952B6C144300388609 /* XCRemoteSwiftPackageReference "firebase-ios-sdk" */ = {
			isa = XCRemoteSwiftPackageReference;
			repositoryURL = "https://github.com/firebase/firebase-ios-sdk";
			requirement = {
				kind = upToNextMajorVersion;
				minimumVersion = 10.20.0;
			};
		};
		F4AE16A22B6C144F00388609 /* XCRemoteSwiftPackageReference "CalendarKit" */ = {
			isa = XCRemoteSwiftPackageReference;
			repositoryURL = "https://github.com/richardtop/CalendarKit";
			requirement = {
				kind = upToNextMajorVersion;
				minimumVersion = 1.1.10;
			};
		};
		F4AE16A52B6C149100388609 /* XCRemoteSwiftPackageReference "realm-swift" */ = {
			isa = XCRemoteSwiftPackageReference;
			repositoryURL = "https://github.com/realm/realm-swift/";
			requirement = {
				branch = master;
				kind = branch;
			};
		};
/* End XCRemoteSwiftPackageReference section */

/* Begin XCSwiftPackageProductDependency section */
		F43AE4D32B6F54B600C71706 /* Razorpay */ = {
			isa = XCSwiftPackageProductDependency;
			package = F43AE4D22B6F54B500C71706 /* XCRemoteSwiftPackageReference "Razorpay-spm" */;
			productName = Razorpay;
		};
		F4AE16962B6C144300388609 /* FirebaseAuth */ = {
			isa = XCSwiftPackageProductDependency;
			package = F4AE16952B6C144300388609 /* XCRemoteSwiftPackageReference "firebase-ios-sdk" */;
			productName = FirebaseAuth;
		};
		F4AE16982B6C144300388609 /* FirebaseDatabase */ = {
			isa = XCSwiftPackageProductDependency;
			package = F4AE16952B6C144300388609 /* XCRemoteSwiftPackageReference "firebase-ios-sdk" */;
			productName = FirebaseDatabase;
		};
		F4AE169A2B6C144300388609 /* FirebaseDatabaseSwift */ = {
			isa = XCSwiftPackageProductDependency;
			package = F4AE16952B6C144300388609 /* XCRemoteSwiftPackageReference "firebase-ios-sdk" */;
			productName = FirebaseDatabaseSwift;
		};
		F4AE169C2B6C144300388609 /* FirebaseFirestore */ = {
			isa = XCSwiftPackageProductDependency;
			package = F4AE16952B6C144300388609 /* XCRemoteSwiftPackageReference "firebase-ios-sdk" */;
			productName = FirebaseFirestore;
		};
		F4AE169E2B6C144300388609 /* FirebaseFirestoreSwift */ = {
			isa = XCSwiftPackageProductDependency;
			package = F4AE16952B6C144300388609 /* XCRemoteSwiftPackageReference "firebase-ios-sdk" */;
			productName = FirebaseFirestoreSwift;
		};
		F4AE16A02B6C144300388609 /* FirebaseStorage */ = {
			isa = XCSwiftPackageProductDependency;
			package = F4AE16952B6C144300388609 /* XCRemoteSwiftPackageReference "firebase-ios-sdk" */;
			productName = FirebaseStorage;
		};
		F4AE16A32B6C144F00388609 /* CalendarKit */ = {
			isa = XCSwiftPackageProductDependency;
			package = F4AE16A22B6C144F00388609 /* XCRemoteSwiftPackageReference "CalendarKit" */;
			productName = CalendarKit;
		};
		F4AE16A62B6C149100388609 /* Realm */ = {
			isa = XCSwiftPackageProductDependency;
			package = F4AE16A52B6C149100388609 /* XCRemoteSwiftPackageReference "realm-swift" */;
			productName = Realm;
		};
		F4AE16A82B6C149100388609 /* RealmSwift */ = {
			isa = XCSwiftPackageProductDependency;
			package = F4AE16A52B6C149100388609 /* XCRemoteSwiftPackageReference "realm-swift" */;
			productName = RealmSwift;
		};
/* End XCSwiftPackageProductDependency section */
	};
	rootObject = F4AE15B22B6BA79F00388609 /* Project object */;
}
